<?xml version="1.0" encoding="utf-8"?>
<Project ToolsVersion="4.0" xmlns="http://schemas.microsoft.com/developer/msbuild/2003">
  <ItemGroup>
    <Filter Include="Source Files">
      <UniqueIdentifier>{4FC737F1-C7A5-4376-A066-2A32D752A2FF}</UniqueIdentifier>
      <Extensions>cpp;c;cc;cxx;def;odl;idl;hpj;bat;asm;asmx</Extensions>
    </Filter>
    <Filter Include="Header Files">
      <UniqueIdentifier>{93995380-89BD-4b04-88EB-625FBE52EBFB}</UniqueIdentifier>
      <Extensions>h;hh;hpp;hxx;hm;inl;inc;ipp;xsd</Extensions>
    </Filter>
    <Filter Include="Resource Files">
      <UniqueIdentifier>{67DA6AB6-F800-4c08-8B7A-83BB121AAD01}</UniqueIdentifier>
      <Extensions>rc;ico;cur;bmp;dlg;rc2;rct;bin;rgs;gif;jpg;jpeg;jpe;resx;tiff;tif;png;wav;mfcribbon-ms</Extensions>
    </Filter>
    <Filter Include="Header Files\Scenes">
      <UniqueIdentifier>{18cdd221-9109-469e-b5f0-dcf00c749b13}</UniqueIdentifier>
    </Filter>
    <Filter Include="Source Files\Scenes">
      <UniqueIdentifier>{d8fd53dc-1e69-4248-8536-5b3e39a6bdf7}</UniqueIdentifier>
    </Filter>
    <Filter Include="Source Files\Objects">
      <UniqueIdentifier>{18c979fb-0d62-415c-87bc-6e0525d06b8d}</UniqueIdentifier>
    </Filter>
    <Filter Include="Header Files\Objects">
      <UniqueIdentifier>{edbf701d-7fad-41b5-bd8c-dc47d8e59de8}</UniqueIdentifier>
    </Filter>
    <Filter Include="Header Files\Framework">
      <UniqueIdentifier>{8e64c0ce-c179-448e-8e4e-98893d17754e}</UniqueIdentifier>
    </Filter>
    <Filter Include="Source Files\Framework">
      <UniqueIdentifier>{ad5cb8a5-4957-49ac-a8bf-6ff2a57cf0df}</UniqueIdentifier>
    </Filter>
    <Filter Include="Source Files\Other">
      <UniqueIdentifier>{84290f41-2f54-40dc-92ee-9062396c2824}</UniqueIdentifier>
    </Filter>
    <Filter Include="Header Files\Other">
      <UniqueIdentifier>{7018198e-2867-42c5-bd0c-c8d9f793ffb1}</UniqueIdentifier>
    </Filter>
  </ItemGroup>
  <ItemGroup>
    <ClInclude Include="Source\VehicleScene.h">
      <Filter>Header Files\Scenes</Filter>
    </ClInclude>
    <ClInclude Include="Source\TestScene.h">
      <Filter>Header Files\Scenes</Filter>
    </ClInclude>
    <ClInclude Include="Source\Vehicle.h">
      <Filter>Header Files\Objects</Filter>
    </ClInclude>
    <ClInclude Include="Source\Weapon.h">
      <Filter>Header Files\Objects</Filter>
    </ClInclude>
    <ClInclude Include="Source\Wheel.h">
      <Filter>Header Files\Objects</Filter>
    </ClInclude>
    <ClInclude Include="Source\Chassis.h">
      <Filter>Header Files\Objects</Filter>
    </ClInclude>
    <ClInclude Include="Source\Application.h">
      <Filter>Header Files\Framework</Filter>
    </ClInclude>
    <ClInclude Include="Source\Camera.h">
      <Filter>Header Files\Framework</Filter>
    </ClInclude>
    <ClInclude Include="Source\Light.h">
      <Filter>Header Files\Framework</Filter>
    </ClInclude>
    <ClInclude Include="Source\LoadOBJ.h">
      <Filter>Header Files\Framework</Filter>
    </ClInclude>
    <ClInclude Include="Source\LoadTGA.h">
      <Filter>Header Files\Framework</Filter>
    </ClInclude>
    <ClInclude Include="Source\Material.h">
      <Filter>Header Files\Framework</Filter>
    </ClInclude>
    <ClInclude Include="Source\Mesh.h">
      <Filter>Header Files\Framework</Filter>
    </ClInclude>
    <ClInclude Include="Source\MeshBuilder.h">
      <Filter>Header Files\Framework</Filter>
    </ClInclude>
    <ClInclude Include="Source\Scene.h">
      <Filter>Header Files\Framework</Filter>
    </ClInclude>
    <ClInclude Include="Source\shader.hpp">
      <Filter>Header Files\Framework</Filter>
    </ClInclude>
    <ClInclude Include="Source\Utility.h">
      <Filter>Header Files\Framework</Filter>
    </ClInclude>
    <ClInclude Include="Source\Vertex.h">
      <Filter>Header Files\Framework</Filter>
    </ClInclude>
    <ClInclude Include="Source\Entity.h">
      <Filter>Header Files\Objects</Filter>
    </ClInclude>
    <ClInclude Include="Source\Animate.h">
      <Filter>Header Files\Other</Filter>
    </ClInclude>
    <ClInclude Include="Source\OptionMenu.h">
      <Filter>Header Files\Other</Filter>
    </ClInclude>
    <ClInclude Include="Source\StateManager.h">
      <Filter>Header Files\Other</Filter>
    </ClInclude>
    <ClInclude Include="Source\soundManager.h">
      <Filter>Header Files\Other</Filter>
    </ClInclude>
    <ClInclude Include="Source\Physics.h">
      <Filter>Header Files\Other</Filter>
    </ClInclude>
    <ClInclude Include="Source\GameScene0.h">
      <Filter>Header Files\Scenes</Filter>
    </ClInclude>
    <ClInclude Include="Source\Player.h">
      <Filter>Header Files\Other</Filter>
    </ClInclude>
    <ClInclude Include="Source\Collision.h">
      <Filter>Header Files\Other</Filter>
    </ClInclude>
    <ClInclude Include="Source\PlayerName.h">
      <Filter>Header Files\Other</Filter>
    </ClInclude>
    <ClInclude Include="Source\Bullet.h">
      <Filter>Header Files\Objects</Filter>
    </ClInclude>
    <ClInclude Include="Source\LoadingScene.h">
      <Filter>Header Files\Scenes</Filter>
    </ClInclude>
  </ItemGroup>
  <ItemGroup>
    <ClCompile Include="Source\VehicleScene.cpp">
      <Filter>Source Files\Scenes</Filter>
    </ClCompile>
    <ClCompile Include="Source\TestScene.cpp">
      <Filter>Source Files\Scenes</Filter>
    </ClCompile>
    <ClCompile Include="Source\Vehicle.cpp">
      <Filter>Source Files\Objects</Filter>
    </ClCompile>
    <ClCompile Include="Source\Application.cpp">
      <Filter>Source Files\Framework</Filter>
    </ClCompile>
    <ClCompile Include="Source\Camera.cpp">
      <Filter>Source Files\Framework</Filter>
    </ClCompile>
    <ClCompile Include="Source\LoadOBJ.cpp">
      <Filter>Source Files\Framework</Filter>
    </ClCompile>
    <ClCompile Include="Source\LoadTGA.cpp">
      <Filter>Source Files\Framework</Filter>
    </ClCompile>
    <ClCompile Include="Source\main.cpp">
      <Filter>Source Files\Framework</Filter>
    </ClCompile>
    <ClCompile Include="Source\Mesh.cpp">
      <Filter>Source Files\Framework</Filter>
    </ClCompile>
    <ClCompile Include="Source\MeshBuilder.cpp">
      <Filter>Source Files\Framework</Filter>
    </ClCompile>
    <ClCompile Include="Source\shader.cpp">
      <Filter>Source Files\Framework</Filter>
    </ClCompile>
    <ClCompile Include="Source\Utility.cpp">
      <Filter>Source Files\Framework</Filter>
    </ClCompile>
    <ClCompile Include="Source\Weapon.cpp">
      <Filter>Source Files\Objects</Filter>
    </ClCompile>
    <ClCompile Include="Source\Wheel.cpp">
      <Filter>Source Files\Objects</Filter>
    </ClCompile>
    <ClCompile Include="Source\Chassis.cpp">
      <Filter>Source Files\Objects</Filter>
    </ClCompile>
    <ClCompile Include="Source\Entity.cpp">
      <Filter>Source Files\Objects</Filter>
    </ClCompile>
    <ClCompile Include="Source\Animate.cpp">
      <Filter>Source Files\Other</Filter>
    </ClCompile>
    <ClCompile Include="Source\OptionMenu.cpp">
      <Filter>Source Files\Other</Filter>
    </ClCompile>
    <ClCompile Include="Source\StateManager.cpp">
      <Filter>Source Files\Other</Filter>
    </ClCompile>
    <ClCompile Include="Source\soundManager.cpp">
      <Filter>Source Files\Other</Filter>
    </ClCompile>
    <ClCompile Include="Source\Physics.cpp">
      <Filter>Source Files\Other</Filter>
    </ClCompile>
    <ClCompile Include="Source\GameScene0.cpp">
      <Filter>Source Files\Scenes</Filter>
    </ClCompile>
    <ClCompile Include="Source\Player.cpp">
      <Filter>Source Files\Other</Filter>
    </ClCompile>
    <ClCompile Include="Source\Collision.cpp">
      <Filter>Source Files\Other</Filter>
    </ClCompile>
    <ClCompile Include="Source\PlayerName.cpp">
      <Filter>Source Files\Other</Filter>
    </ClCompile>
    <ClCompile Include="Source\Bullet.cpp">
      <Filter>Source Files\Objects</Filter>
    </ClCompile>
    <ClCompile Include="Source\LoadingScene.cpp">
      <Filter>Source Files\Scenes</Filter>
    </ClCompile>
  </ItemGroup>
</Project>